{
  "version": 4,
  "terraform_version": "1.15.8",
  "serial": 16,
  "lineage": "f82fb5bd-8cd9-a39f-4742-b0c3669420ab",
  "outputs": {},
  "resources": [
    {
      "mode": "managed",
      "type": "azurerm_linux_virtual_machine",
      "name": "web_vm",
      "provider": "provider[\"registry.terraform.io/hashicorp/azurerm\"]",
      "instances": [
        {
          "schema_version": 0,
          "attributes": {
            "additional_capabilities": [],
            "admin_password": null,
            "admin_ssh_key": [
              {
                "public_key": "ssh-ed25519 AAAAC3NzaC1lZDI1NTE5AAAAIEu8FZlQVkHtLHG+PRoDphUARmkxDWoJTMfH92BGx3k+ cas@Casiuss-MacBook-Air.local\n",
                "username": "azureadmin"
              }
            ],
            "admin_username": "azureadmin",
            "allow_extension_operations": true,
            "availability_set_id": "",
            "boot_diagnostics": [],
            "bypass_platform_safety_checks_on_user_schedule_enabled": false,
            "capacity_reservation_group_id": "",
            "computer_name": "vm-web01",
            "custom_data": null,
            "dedicated_host_group_id": "",
            "dedicated_host_id": "",
            "disable_password_authentication": true,
            "disk_controller_type": "SCSI",
            "edge_zone": "",
            "encryption_at_host_enabled": false,
            "eviction_policy": "",
            "extensions_time_budget": "PT1H30M",
            "gallery_application": [],
            "id": "/subscriptions/9dbcb218-e803-4fa3-b478-5bbd73b6eba9/resourceGroups/rg-terraform-lab-dev/providers/Microsoft.Compute/virtualMachines/vm-web01",
            "identity": [],
            "license_type": "",
            "location": "eastus",
            "max_bid_price": -1,
            "name": "vm-web01",
            "network_interface_ids": [
              "/subscriptions/9dbcb218-e803-4fa3-b478-5bbd73b6eba9/resourceGroups/rg-terraform-lab-dev/providers/Microsoft.Network/networkInterfaces/nic-web"
            ],
            "os_disk": [
              {
                "caching": "ReadWrite",
                "diff_disk_settings": [],
                "disk_encryption_set_id": "",
                "disk_size_gb": 30,
                "id": "/subscriptions/9dbcb218-e803-4fa3-b478-5bbd73b6eba9/resourceGroups/rg-terraform-lab-dev/providers/Microsoft.Compute/disks/vm-web01_OsDisk_1_2f0922e268ac4bd5b9c06b005745a74c",
                "name": "vm-web01_OsDisk_1_2f0922e268ac4bd5b9c06b005745a74c",
                "secure_vm_disk_encryption_set_id": "",
                "security_encryption_type": "",
                "storage_account_type": "Standard_LRS",
                "write_accelerator_enabled": false
              }
            ],
            "os_image_notification": [],
            "os_managed_disk_id": "/subscriptions/9dbcb218-e803-4fa3-b478-5bbd73b6eba9/resourceGroups/rg-terraform-lab-dev/providers/Microsoft.Compute/disks/vm-web01_OsDisk_1_2f0922e268ac4bd5b9c06b005745a74c",
            "patch_assessment_mode": "ImageDefault",
            "patch_mode": "ImageDefault",
            "plan": [],
            "platform_fault_domain": -1,
            "priority": "Regular",
            "private_ip_address": "10.0.1.4",
            "private_ip_addresses": [
              "10.0.1.4"
            ],
            "provision_vm_agent": true,
            "proximity_placement_group_id": "",
            "public_ip_address": "20.127.88.236",
            "public_ip_addresses": [
              "20.127.88.236"
            ],
            "reboot_setting": "",
            "resource_group_name": "rg-terraform-lab-dev",
            "secret": [],
            "secure_boot_enabled": false,
            "size": "Standard_B2ts_v2",
            "source_image_id": "",
            "source_image_reference": [
              {
                "offer": "ubuntu-24_04-lts",
                "publisher": "Canonical",
                "sku": "server",
                "version": "latest"
              }
            ],
            "tags": null,
            "termination_notification": null,
            "timeouts": null,
            "user_data": "",
            "virtual_machine_id": "804983a9-cad0-40f7-a483-da1d5f72e021",
            "virtual_machine_scale_set_id": "",
            "vm_agent_platform_updates_enabled": false,
            "vtpm_enabled": false,
            "zone": ""
          },
          "sensitive_attributes": [
            [
              {
                "type": "get_attr",
                "value": "admin_password"
              }
            ],
            [
              {
                "type": "get_attr",
                "value": "custom_data"
              }
            ]
          ],
          "identity_schema_version": 0,
          "private": "eyJlMmJmYjczMC1lY2FhLTExZTYtOGY4OC0zNDM2M2JjN2M0YzAiOnsiY3JlYXRlIjoyNzAwMDAwMDAwMDAwLCJkZWxldGUiOjI3MDAwMDAwMDAwMDAsInJlYWQiOjMwMDAwMDAwMDAwMCwidXBkYXRlIjoyNzAwMDAwMDAwMDAwfX0=",
          "dependencies": [
            "azurerm_network_interface.web_nic",
            "azurerm_public_ip.web_public_ip",
            "azurerm_resource_group.lab",
            "azurerm_subnet.subnet",
            "azurerm_virtual_network.vnet"
          ]
        }
      ]
    },
    {
      "mode": "managed",
      "type": "azurerm_network_interface",
      "name": "web_nic",
      "provider": "provider[\"registry.terraform.io/hashicorp/azurerm\"]",
      "instances": [
        {
          "schema_version": 0,
          "attributes": {
            "accelerated_networking_enabled": false,
            "applied_dns_servers": [],
            "auxiliary_mode": "",
            "auxiliary_sku": "",
            "dns_servers": [],
            "edge_zone": "",
            "id": "/subscriptions/9dbcb218-e803-4fa3-b478-5bbd73b6eba9/resourceGroups/rg-terraform-lab-dev/providers/Microsoft.Network/networkInterfaces/nic-web",
            "internal_dns_name_label": "",
            "internal_domain_name_suffix": "t0iq00zaca5eplmmgincaogjja.bx.internal.cloudapp.net",
            "ip_configuration": [
              {
                "gateway_load_balancer_frontend_ip_configuration_id": "",
                "name": "internal",
                "primary": true,
                "private_ip_address": "10.0.1.4",
                "private_ip_address_allocation": "Dynamic",
                "private_ip_address_version": "IPv4",
                "public_ip_address_id": "/subscriptions/9dbcb218-e803-4fa3-b478-5bbd73b6eba9/resourceGroups/rg-terraform-lab-dev/providers/Microsoft.Network/publicIPAddresses/pip-web",
                "subnet_id": "/subscriptions/9dbcb218-e803-4fa3-b478-5bbd73b6eba9/resourceGroups/rg-terraform-lab-dev/providers/Microsoft.Network/virtualNetworks/vnet-terraform-lab/subnets/subnet-web"
              }
            ],
            "ip_forwarding_enabled": false,
            "location": "eastus",
            "mac_address": "",
            "name": "nic-web",
            "private_ip_address": "10.0.1.4",
            "private_ip_addresses": [
              "10.0.1.4"
            ],
            "resource_group_name": "rg-terraform-lab-dev",
            "tags": {},
            "timeouts": null,
            "virtual_machine_id": ""
          },
          "sensitive_attributes": [],
          "identity_schema_version": 0,
          "identity": {
            "name": "nic-web",
            "resource_group_name": "rg-terraform-lab-dev",
            "subscription_id": "9dbcb218-e803-4fa3-b478-5bbd73b6eba9"
          },
          "private": "eyJlMmJmYjczMC1lY2FhLTExZTYtOGY4OC0zNDM2M2JjN2M0YzAiOnsiY3JlYXRlIjoxODAwMDAwMDAwMDAwLCJkZWxldGUiOjE4MDAwMDAwMDAwMDAsInJlYWQiOjMwMDAwMDAwMDAwMCwidXBkYXRlIjoxODAwMDAwMDAwMDAwfX0=",
          "dependencies": [
            "azurerm_public_ip.web_public_ip",
            "azurerm_resource_group.lab",
            "azurerm_subnet.subnet",
            "azurerm_virtual_network.vnet"
          ]
        }
      ]
    },
    {
      "mode": "managed",
      "type": "azurerm_network_security_group",
      "name": "web_nsg",
      "provider": "provider[\"registry.terraform.io/hashicorp/azurerm\"]",
      "instances": [
        {
          "schema_version": 0,
          "attributes": {
            "id": "/subscriptions/9dbcb218-e803-4fa3-b478-5bbd73b6eba9/resourceGroups/rg-terraform-lab-dev/providers/Microsoft.Network/networkSecurityGroups/nsg-web",
            "location": "eastus",
            "name": "nsg-web",
            "resource_group_name": "rg-terraform-lab-dev",
            "security_rule": [
              {
                "access": "Allow",
                "description": "",
                "destination_address_prefix": "*",
                "destination_address_prefixes": [],
                "destination_application_security_group_ids": [],
                "destination_port_range": "22",
                "destination_port_ranges": [],
                "direction": "Inbound",
                "name": "Allow-SSH",
                "priority": 100,
                "protocol": "Tcp",
                "source_address_prefix": "*",
                "source_address_prefixes": [],
                "source_application_security_group_ids": [],
                "source_port_range": "*",
                "source_port_ranges": []
              },
              {
                "access": "Allow",
                "description": "",
                "destination_address_prefix": "*",
                "destination_address_prefixes": [],
                "destination_application_security_group_ids": [],
                "destination_port_range": "80",
                "destination_port_ranges": [],
                "direction": "Inbound",
                "name": "Allow-HTTP",
                "priority": 110,
                "protocol": "Tcp",
                "source_address_prefix": "*",
                "source_address_prefixes": [],
                "source_application_security_group_ids": [],
                "source_port_range": "*",
                "source_port_ranges": []
              }
            ],
            "tags": {},
            "timeouts": null
          },
          "sensitive_attributes": [],
          "identity_schema_version": 0,
          "identity": {
            "name": "nsg-web",
            "resource_group_name": "rg-terraform-lab-dev",
            "subscription_id": "9dbcb218-e803-4fa3-b478-5bbd73b6eba9"
          },
          "private": "eyJlMmJmYjczMC1lY2FhLTExZTYtOGY4OC0zNDM2M2JjN2M0YzAiOnsiY3JlYXRlIjoxODAwMDAwMDAwMDAwLCJkZWxldGUiOjE4MDAwMDAwMDAwMDAsInJlYWQiOjMwMDAwMDAwMDAwMCwidXBkYXRlIjoxODAwMDAwMDAwMDAwfX0=",
          "dependencies": [
            "azurerm_resource_group.lab"
          ]
        }
      ]
    },
    {
      "mode": "managed",
      "type": "azurerm_public_ip",
      "name": "web_public_ip",
      "provider": "provider[\"registry.terraform.io/hashicorp/azurerm\"]",
      "instances": [
        {
          "schema_version": 0,
          "attributes": {
            "allocation_method": "Static",
            "ddos_protection_mode": "VirtualNetworkInherited",
            "ddos_protection_plan_id": null,
            "domain_name_label": "",
            "domain_name_label_scope": "",
            "edge_zone": "",
            "fqdn": "",
            "id": "/subscriptions/9dbcb218-e803-4fa3-b478-5bbd73b6eba9/resourceGroups/rg-terraform-lab-dev/providers/Microsoft.Network/publicIPAddresses/pip-web",
            "idle_timeout_in_minutes": 4,
            "ip_address": "20.127.88.236",
            "ip_tags": {},
            "ip_version": "IPv4",
            "location": "eastus",
            "name": "pip-web",
            "public_ip_prefix_id": null,
            "resource_group_name": "rg-terraform-lab-dev",
            "reverse_fqdn": "",
            "sku": "Standard",
            "sku_tier": "Regional",
            "tags": {},
            "timeouts": null,
            "zones": []
          },
          "sensitive_attributes": [],
          "identity_schema_version": 0,
          "identity": {
            "name": "pip-web",
            "resource_group_name": "rg-terraform-lab-dev",
            "subscription_id": "9dbcb218-e803-4fa3-b478-5bbd73b6eba9"
          },
          "private": "eyJlMmJmYjczMC1lY2FhLTExZTYtOGY4OC0zNDM2M2JjN2M0YzAiOnsiY3JlYXRlIjoxODAwMDAwMDAwMDAwLCJkZWxldGUiOjE4MDAwMDAwMDAwMDAsInJlYWQiOjMwMDAwMDAwMDAwMCwidXBkYXRlIjoxODAwMDAwMDAwMDAwfX0=",
          "dependencies": [
            "azurerm_resource_group.lab"
          ]
        }
      ]
    },
    {
      "mode": "managed",
      "type": "azurerm_resource_group",
      "name": "lab",
      "provider": "provider[\"registry.terraform.io/hashicorp/azurerm\"]",
      "instances": [
        {
          "schema_version": 0,
          "attributes": {
            "id": "/subscriptions/9dbcb218-e803-4fa3-b478-5bbd73b6eba9/resourceGroups/rg-terraform-lab-dev",
            "location": "eastus",
            "managed_by": "",
            "name": "rg-terraform-lab-dev",
            "tags": {},
            "timeouts": null
          },
          "sensitive_attributes": [],
          "identity_schema_version": 0,
          "identity": {
            "name": "rg-terraform-lab-dev",
            "subscription_id": "9dbcb218-e803-4fa3-b478-5bbd73b6eba9"
          },
          "private": "eyJlMmJmYjczMC1lY2FhLTExZTYtOGY4OC0zNDM2M2JjN2M0YzAiOnsiY3JlYXRlIjo1NDAwMDAwMDAwMDAwLCJkZWxldGUiOjU0MDAwMDAwMDAwMDAsInJlYWQiOjMwMDAwMDAwMDAwMCwidXBkYXRlIjo1NDAwMDAwMDAwMDAwfX0="
        }
      ]
    },
    {
      "mode": "managed",
      "type": "azurerm_subnet",
      "name": "subnet",
      "provider": "provider[\"registry.terraform.io/hashicorp/azurerm\"]",
      "instances": [
        {
          "schema_version": 0,
          "attributes": {
            "address_prefixes": [
              "10.0.1.0/24"
            ],
            "default_outbound_access_enabled": true,
            "delegation": [],
            "id": "/subscriptions/9dbcb218-e803-4fa3-b478-5bbd73b6eba9/resourceGroups/rg-terraform-lab-dev/providers/Microsoft.Network/virtualNetworks/vnet-terraform-lab/subnets/subnet-web",
            "ip_address_pool": [],
            "name": "subnet-web",
            "network_security_group_id": "/subscriptions/9dbcb218-e803-4fa3-b478-5bbd73b6eba9/resourceGroups/rg-terraform-lab-dev/providers/Microsoft.Network/networkSecurityGroups/nsg-web",
            "network_security_group_id_wo": null,
            "network_security_group_id_wo_version": 0,
            "private_endpoint_network_policies": "Disabled",
            "private_link_service_network_policies_enabled": true,
            "resource_group_name": "rg-terraform-lab-dev",
            "route_table_id": "",
            "route_table_id_wo": null,
            "route_table_id_wo_version": 0,
            "service_endpoint": [],
            "service_endpoint_policy_ids": [],
            "sharing_scope": "",
            "timeouts": null,
            "virtual_network_name": "vnet-terraform-lab"
          },
          "sensitive_attributes": [],
          "identity_schema_version": 0,
          "identity": {
            "name": "subnet-web",
            "resource_group_name": "rg-terraform-lab-dev",
            "subscription_id": "9dbcb218-e803-4fa3-b478-5bbd73b6eba9",
            "virtual_network_name": "vnet-terraform-lab"
          },
          "private": "eyJlMmJmYjczMC1lY2FhLTExZTYtOGY4OC0zNDM2M2JjN2M0YzAiOnsiY3JlYXRlIjoxODAwMDAwMDAwMDAwLCJkZWxldGUiOjE4MDAwMDAwMDAwMDAsInJlYWQiOjMwMDAwMDAwMDAwMCwidXBkYXRlIjoxODAwMDAwMDAwMDAwfX0=",
          "dependencies": [
            "azurerm_resource_group.lab",
            "azurerm_virtual_network.vnet"
          ]
        }
      ]
    },
    {
      "mode": "managed",
      "type": "azurerm_subnet_network_security_group_association",
      "name": "web_nsg_assoc",
      "provider": "provider[\"registry.terraform.io/hashicorp/azurerm\"]",
      "instances": [
        {
          "schema_version": 0,
          "attributes": {
            "id": "/subscriptions/9dbcb218-e803-4fa3-b478-5bbd73b6eba9/resourceGroups/rg-terraform-lab-dev/providers/Microsoft.Network/virtualNetworks/vnet-terraform-lab/subnets/subnet-web",
            "network_security_group_id": "/subscriptions/9dbcb218-e803-4fa3-b478-5bbd73b6eba9/resourceGroups/rg-terraform-lab-dev/providers/Microsoft.Network/networkSecurityGroups/nsg-web",
            "subnet_id": "/subscriptions/9dbcb218-e803-4fa3-b478-5bbd73b6eba9/resourceGroups/rg-terraform-lab-dev/providers/Microsoft.Network/virtualNetworks/vnet-terraform-lab/subnets/subnet-web",
            "timeouts": null
          },
          "sensitive_attributes": [],
          "identity_schema_version": 0,
          "private": "eyJlMmJmYjczMC1lY2FhLTExZTYtOGY4OC0zNDM2M2JjN2M0YzAiOnsiY3JlYXRlIjoxODAwMDAwMDAwMDAwLCJkZWxldGUiOjE4MDAwMDAwMDAwMDAsInJlYWQiOjMwMDAwMDAwMDAwMH19",
          "dependencies": [
            "azurerm_network_security_group.web_nsg",
            "azurerm_resource_group.lab",
            "azurerm_subnet.subnet",
            "azurerm_virtual_network.vnet"
          ]
        }
      ]
    },
    {
      "mode": "managed",
      "type": "azurerm_virtual_network",
      "name": "vnet",
      "provider": "provider[\"registry.terraform.io/hashicorp/azurerm\"]",
      "instances": [
        {
          "schema_version": 0,
          "attributes": {
            "address_space": [
              "10.0.0.0/16"
            ],
            "bgp_community": "",
            "ddos_protection_plan": [],
            "dns_servers": [],
            "edge_zone": "",
            "encryption": [],
            "flow_timeout_in_minutes": 0,
            "guid": "6b0d919e-1020-473e-ad8c-321a2038c948",
            "id": "/subscriptions/9dbcb218-e803-4fa3-b478-5bbd73b6eba9/resourceGroups/rg-terraform-lab-dev/providers/Microsoft.Network/virtualNetworks/vnet-terraform-lab",
            "ip_address_pool": [],
            "location": "eastus",
            "name": "vnet-terraform-lab",
            "private_endpoint_vnet_policies": "Disabled",
            "resource_group_name": "rg-terraform-lab-dev",
            "subnet": [
              {
                "address_prefixes": [
                  "10.0.1.0/24"
                ],
                "default_outbound_access_enabled": true,
                "delegation": [],
                "id": "/subscriptions/9dbcb218-e803-4fa3-b478-5bbd73b6eba9/resourceGroups/rg-terraform-lab-dev/providers/Microsoft.Network/virtualNetworks/vnet-terraform-lab/subnets/subnet-web",
                "name": "subnet-web",
                "private_endpoint_network_policies": "Disabled",
                "private_link_service_network_policies_enabled": true,
                "route_table_id": "",
                "security_group": "/subscriptions/9dbcb218-e803-4fa3-b478-5bbd73b6eba9/resourceGroups/rg-terraform-lab-dev/providers/Microsoft.Network/networkSecurityGroups/nsg-web",
                "service_endpoint": [],
                "service_endpoint_policy_ids": []
              }
            ],
            "tags": {},
            "timeouts": null
          },
          "sensitive_attributes": [],
          "identity_schema_version": 0,
          "identity": {
            "name": "vnet-terraform-lab",
            "resource_group_name": "rg-terraform-lab-dev",
            "subscription_id": "9dbcb218-e803-4fa3-b478-5bbd73b6eba9"
          },
          "private": "eyJlMmJmYjczMC1lY2FhLTExZTYtOGY4OC0zNDM2M2JjN2M0YzAiOnsiY3JlYXRlIjoxODAwMDAwMDAwMDAwLCJkZWxldGUiOjE4MDAwMDAwMDAwMDAsInJlYWQiOjMwMDAwMDAwMDAwMCwidXBkYXRlIjoxODAwMDAwMDAwMDAwfX0=",
          "dependencies": [
            "azurerm_resource_group.lab"
          ]
        }
      ]
    }
  ],
  "check_results": null
}
