{
  "version": 4,
  "terraform_version": "1.15.8",
  "serial": 34,
  "lineage": "f82fb5bd-8cd9-a39f-4742-b0c3669420ab",
  "outputs": {
    "public_ip_address": {
      "value": "20.120.11.173",
      "type": "string"
    },
    "resource_group_name": {
      "value": "rg-terraform-lab-qa",
      "type": "string"
    },
    "vm_name": {
      "value": "vm-web01-qa",
      "type": "string"
    }
  },
  "resources": [
    {
      "mode": "managed",
      "type": "azurerm_linux_virtual_machine",
      "name": "web_vm",
      "provider": "provider[\"registry.terraform.io/hashicorp/azurerm\"]",
      "instances": [
        {
          "schema_version": 0,
          "attributes": {
            "additional_capabilities": [],
            "admin_password": null,
            "admin_ssh_key": [
              {
                "public_key": "ssh-ed25519 AAAAC3NzaC1lZDI1NTE5AAAAIEu8FZlQVkHtLHG+PRoDphUARmkxDWoJTMfH92BGx3k+ cas@Casiuss-MacBook-Air.local\n",
                "username": "azureadmin"
              }
            ],
            "admin_username": "azureadmin",
            "allow_extension_operations": true,
            "availability_set_id": "",
            "boot_diagnostics": [],
            "bypass_platform_safety_checks_on_user_schedule_enabled": false,
            "capacity_reservation_group_id": "",
            "computer_name": "vm-web01-qa",
            "custom_data": null,
            "dedicated_host_group_id": "",
            "dedicated_host_id": "",
            "disable_password_authentication": true,
            "disk_controller_type": "SCSI",
            "edge_zone": "",
            "encryption_at_host_enabled": false,
            "eviction_policy": "",
            "extensions_time_budget": "PT1H30M",
            "gallery_application": [],
            "id": "/subscriptions/9dbcb218-e803-4fa3-b478-5bbd73b6eba9/resourceGroups/rg-terraform-lab-qa/providers/Microsoft.Compute/virtualMachines/vm-web01-qa",
            "identity": [],
            "license_type": "",
            "location": "eastus",
            "max_bid_price": -1,
            "name": "vm-web01-qa",
            "network_interface_ids": [
              "/subscriptions/9dbcb218-e803-4fa3-b478-5bbd73b6eba9/resourceGroups/rg-terraform-lab-qa/providers/Microsoft.Network/networkInterfaces/nic-web-qa"
            ],
            "os_disk": [
              {
                "caching": "ReadWrite",
                "diff_disk_settings": [],
                "disk_encryption_set_id": "",
                "disk_size_gb": 30,
                "id": "/subscriptions/9dbcb218-e803-4fa3-b478-5bbd73b6eba9/resourceGroups/rg-terraform-lab-qa/providers/Microsoft.Compute/disks/vm-web01-qa_OsDisk_1_d4382ebf131f425e916e8a1b0d8ab7c1",
                "name": "vm-web01-qa_OsDisk_1_d4382ebf131f425e916e8a1b0d8ab7c1",
                "secure_vm_disk_encryption_set_id": "",
                "security_encryption_type": "",
                "storage_account_type": "Standard_LRS",
                "write_accelerator_enabled": false
              }
            ],
            "os_image_notification": [],
            "os_managed_disk_id": "/subscriptions/9dbcb218-e803-4fa3-b478-5bbd73b6eba9/resourceGroups/rg-terraform-lab-qa/providers/Microsoft.Compute/disks/vm-web01-qa_OsDisk_1_d4382ebf131f425e916e8a1b0d8ab7c1",
            "patch_assessment_mode": "ImageDefault",
            "patch_mode": "ImageDefault",
            "plan": [],
            "platform_fault_domain": -1,
            "priority": "Regular",
            "private_ip_address": "10.0.1.4",
            "private_ip_addresses": [
              "10.0.1.4"
            ],
            "provision_vm_agent": true,
            "proximity_placement_group_id": "",
            "public_ip_address": "20.120.11.173",
            "public_ip_addresses": [
              "20.120.11.173"
            ],
            "reboot_setting": "",
            "resource_group_name": "rg-terraform-lab-qa",
            "secret": [],
            "secure_boot_enabled": false,
            "size": "Standard_B2ts_v2",
            "source_image_id": "",
            "source_image_reference": [
              {
                "offer": "ubuntu-24_04-lts",
                "publisher": "Canonical",
                "sku": "server",
                "version": "latest"
              }
            ],
            "tags": null,
            "termination_notification": null,
            "timeouts": null,
            "user_data": "",
            "virtual_machine_id": "7abbf148-e7bc-45b5-9574-d90d746069ab",
            "virtual_machine_scale_set_id": "",
            "vm_agent_platform_updates_enabled": false,
            "vtpm_enabled": false,
            "zone": ""
          },
          "sensitive_attributes": [
            [
              {
                "type": "get_attr",
                "value": "admin_password"
              }
            ],
            [
              {
                "type": "get_attr",
                "value": "custom_data"
              }
            ]
          ],
          "identity_schema_version": 0,
          "private": "eyJlMmJmYjczMC1lY2FhLTExZTYtOGY4OC0zNDM2M2JjN2M0YzAiOnsiY3JlYXRlIjoyNzAwMDAwMDAwMDAwLCJkZWxldGUiOjI3MDAwMDAwMDAwMDAsInJlYWQiOjMwMDAwMDAwMDAwMCwidXBkYXRlIjoyNzAwMDAwMDAwMDAwfX0=",
          "dependencies": [
            "azurerm_network_interface.web_nic",
            "azurerm_public_ip.web_public_ip",
            "azurerm_resource_group.lab",
            "azurerm_subnet.subnet",
            "azurerm_virtual_network.vnet"
          ]
        }
      ]
    },
    {
      "mode": "managed",
      "type": "azurerm_network_interface",
      "name": "web_nic",
      "provider": "provider[\"registry.terraform.io/hashicorp/azurerm\"]",
      "instances": [
        {
          "schema_version": 0,
          "attributes": {
            "accelerated_networking_enabled": false,
            "applied_dns_servers": [],
            "auxiliary_mode": "",
            "auxiliary_sku": "",
            "dns_servers": null,
            "edge_zone": "",
            "id": "/subscriptions/9dbcb218-e803-4fa3-b478-5bbd73b6eba9/resourceGroups/rg-terraform-lab-qa/providers/Microsoft.Network/networkInterfaces/nic-web-qa",
            "internal_dns_name_label": "",
            "internal_domain_name_suffix": "hlak3w1g1orudoskxhekndfz3e.bx.internal.cloudapp.net",
            "ip_configuration": [
              {
                "gateway_load_balancer_frontend_ip_configuration_id": "",
                "name": "internal",
                "primary": true,
                "private_ip_address": "10.0.1.4",
                "private_ip_address_allocation": "Dynamic",
                "private_ip_address_version": "IPv4",
                "public_ip_address_id": "/subscriptions/9dbcb218-e803-4fa3-b478-5bbd73b6eba9/resourceGroups/rg-terraform-lab-qa/providers/Microsoft.Network/publicIPAddresses/pip-web-qa",
                "subnet_id": "/subscriptions/9dbcb218-e803-4fa3-b478-5bbd73b6eba9/resourceGroups/rg-terraform-lab-qa/providers/Microsoft.Network/virtualNetworks/vnet-terraform-lab-qa/subnets/subnet-web-qa"
              }
            ],
            "ip_forwarding_enabled": false,
            "location": "eastus",
            "mac_address": "",
            "name": "nic-web-qa",
            "private_ip_address": "10.0.1.4",
            "private_ip_addresses": [
              "10.0.1.4"
            ],
            "resource_group_name": "rg-terraform-lab-qa",
            "tags": null,
            "timeouts": null,
            "virtual_machine_id": ""
          },
          "sensitive_attributes": [],
          "identity_schema_version": 0,
          "identity": {
            "name": "nic-web-qa",
            "resource_group_name": "rg-terraform-lab-qa",
            "subscription_id": "9dbcb218-e803-4fa3-b478-5bbd73b6eba9"
          },
          "private": "eyJlMmJmYjczMC1lY2FhLTExZTYtOGY4OC0zNDM2M2JjN2M0YzAiOnsiY3JlYXRlIjoxODAwMDAwMDAwMDAwLCJkZWxldGUiOjE4MDAwMDAwMDAwMDAsInJlYWQiOjMwMDAwMDAwMDAwMCwidXBkYXRlIjoxODAwMDAwMDAwMDAwfX0=",
          "dependencies": [
            "azurerm_public_ip.web_public_ip",
            "azurerm_resource_group.lab",
            "azurerm_subnet.subnet",
            "azurerm_virtual_network.vnet"
          ]
        }
      ]
    },
    {
      "mode": "managed",
      "type": "azurerm_network_security_group",
      "name": "web_nsg",
      "provider": "provider[\"registry.terraform.io/hashicorp/azurerm\"]",
      "instances": [
        {
          "schema_version": 0,
          "attributes": {
            "id": "/subscriptions/9dbcb218-e803-4fa3-b478-5bbd73b6eba9/resourceGroups/rg-terraform-lab-qa/providers/Microsoft.Network/networkSecurityGroups/nsg-web-qa",
            "location": "eastus",
            "name": "nsg-web-qa",
            "resource_group_name": "rg-terraform-lab-qa",
            "security_rule": [
              {
                "access": "Allow",
                "description": "",
                "destination_address_prefix": "*",
                "destination_address_prefixes": [],
                "destination_application_security_group_ids": [],
                "destination_port_range": "22",
                "destination_port_ranges": [],
                "direction": "Inbound",
                "name": "Allow-SSH",
                "priority": 100,
                "protocol": "Tcp",
                "source_address_prefix": "*",
                "source_address_prefixes": [],
                "source_application_security_group_ids": [],
                "source_port_range": "*",
                "source_port_ranges": []
              },
              {
                "access": "Allow",
                "description": "",
                "destination_address_prefix": "*",
                "destination_address_prefixes": [],
                "destination_application_security_group_ids": [],
                "destination_port_range": "80",
                "destination_port_ranges": [],
                "direction": "Inbound",
                "name": "Allow-HTTP",
                "priority": 110,
                "protocol": "Tcp",
                "source_address_prefix": "*",
                "source_address_prefixes": [],
                "source_application_security_group_ids": [],
                "source_port_range": "*",
                "source_port_ranges": []
              }
            ],
            "tags": null,
            "timeouts": null
          },
          "sensitive_attributes": [],
          "identity_schema_version": 0,
          "identity": {
            "name": "nsg-web-qa",
            "resource_group_name": "rg-terraform-lab-qa",
            "subscription_id": "9dbcb218-e803-4fa3-b478-5bbd73b6eba9"
          },
          "private": "eyJlMmJmYjczMC1lY2FhLTExZTYtOGY4OC0zNDM2M2JjN2M0YzAiOnsiY3JlYXRlIjoxODAwMDAwMDAwMDAwLCJkZWxldGUiOjE4MDAwMDAwMDAwMDAsInJlYWQiOjMwMDAwMDAwMDAwMCwidXBkYXRlIjoxODAwMDAwMDAwMDAwfX0=",
          "dependencies": [
            "azurerm_resource_group.lab"
          ]
        }
      ]
    },
    {
      "mode": "managed",
      "type": "azurerm_public_ip",
      "name": "web_public_ip",
      "provider": "provider[\"registry.terraform.io/hashicorp/azurerm\"]",
      "instances": [
        {
          "schema_version": 0,
          "attributes": {
            "allocation_method": "Static",
            "ddos_protection_mode": "VirtualNetworkInherited",
            "ddos_protection_plan_id": null,
            "domain_name_label": "",
            "domain_name_label_scope": "",
            "edge_zone": "",
            "fqdn": "",
            "id": "/subscriptions/9dbcb218-e803-4fa3-b478-5bbd73b6eba9/resourceGroups/rg-terraform-lab-qa/providers/Microsoft.Network/publicIPAddresses/pip-web-qa",
            "idle_timeout_in_minutes": 4,
            "ip_address": "20.120.11.173",
            "ip_tags": null,
            "ip_version": "IPv4",
            "location": "eastus",
            "name": "pip-web-qa",
            "public_ip_prefix_id": null,
            "resource_group_name": "rg-terraform-lab-qa",
            "reverse_fqdn": "",
            "sku": "Standard",
            "sku_tier": "Regional",
            "tags": null,
            "timeouts": null,
            "zones": null
          },
          "sensitive_attributes": [],
          "identity_schema_version": 0,
          "identity": {
            "name": "pip-web-qa",
            "resource_group_name": "rg-terraform-lab-qa",
            "subscription_id": "9dbcb218-e803-4fa3-b478-5bbd73b6eba9"
          },
          "private": "eyJlMmJmYjczMC1lY2FhLTExZTYtOGY4OC0zNDM2M2JjN2M0YzAiOnsiY3JlYXRlIjoxODAwMDAwMDAwMDAwLCJkZWxldGUiOjE4MDAwMDAwMDAwMDAsInJlYWQiOjMwMDAwMDAwMDAwMCwidXBkYXRlIjoxODAwMDAwMDAwMDAwfX0=",
          "dependencies": [
            "azurerm_resource_group.lab"
          ]
        }
      ]
    },
    {
      "mode": "managed",
      "type": "azurerm_resource_group",
      "name": "lab",
      "provider": "provider[\"registry.terraform.io/hashicorp/azurerm\"]",
      "instances": [
        {
          "schema_version": 0,
          "attributes": {
            "id": "/subscriptions/9dbcb218-e803-4fa3-b478-5bbd73b6eba9/resourceGroups/rg-terraform-lab-qa",
            "location": "eastus",
            "managed_by": "",
            "name": "rg-terraform-lab-qa",
            "tags": null,
            "timeouts": null
          },
          "sensitive_attributes": [],
          "identity_schema_version": 0,
          "identity": {
            "name": "rg-terraform-lab-qa",
            "subscription_id": "9dbcb218-e803-4fa3-b478-5bbd73b6eba9"
          },
          "private": "eyJlMmJmYjczMC1lY2FhLTExZTYtOGY4OC0zNDM2M2JjN2M0YzAiOnsiY3JlYXRlIjo1NDAwMDAwMDAwMDAwLCJkZWxldGUiOjU0MDAwMDAwMDAwMDAsInJlYWQiOjMwMDAwMDAwMDAwMCwidXBkYXRlIjo1NDAwMDAwMDAwMDAwfX0="
        }
      ]
    },
    {
      "mode": "managed",
      "type": "azurerm_subnet",
      "name": "subnet",
      "provider": "provider[\"registry.terraform.io/hashicorp/azurerm\"]",
      "instances": [
        {
          "schema_version": 0,
          "attributes": {
            "address_prefixes": [
              "10.0.1.0/24"
            ],
            "default_outbound_access_enabled": true,
            "delegation": [],
            "id": "/subscriptions/9dbcb218-e803-4fa3-b478-5bbd73b6eba9/resourceGroups/rg-terraform-lab-qa/providers/Microsoft.Network/virtualNetworks/vnet-terraform-lab-qa/subnets/subnet-web-qa",
            "ip_address_pool": [],
            "name": "subnet-web-qa",
            "network_security_group_id": "",
            "network_security_group_id_wo": null,
            "network_security_group_id_wo_version": 0,
            "private_endpoint_network_policies": "Disabled",
            "private_link_service_network_policies_enabled": true,
            "resource_group_name": "rg-terraform-lab-qa",
            "route_table_id": "",
            "route_table_id_wo": null,
            "route_table_id_wo_version": 0,
            "service_endpoint": [],
            "service_endpoint_policy_ids": null,
            "sharing_scope": "",
            "timeouts": null,
            "virtual_network_name": "vnet-terraform-lab-qa"
          },
          "sensitive_attributes": [],
          "identity_schema_version": 0,
          "identity": {
            "name": "subnet-web-qa",
            "resource_group_name": "rg-terraform-lab-qa",
            "subscription_id": "9dbcb218-e803-4fa3-b478-5bbd73b6eba9",
            "virtual_network_name": "vnet-terraform-lab-qa"
          },
          "private": "eyJlMmJmYjczMC1lY2FhLTExZTYtOGY4OC0zNDM2M2JjN2M0YzAiOnsiY3JlYXRlIjoxODAwMDAwMDAwMDAwLCJkZWxldGUiOjE4MDAwMDAwMDAwMDAsInJlYWQiOjMwMDAwMDAwMDAwMCwidXBkYXRlIjoxODAwMDAwMDAwMDAwfX0=",
          "dependencies": [
            "azurerm_resource_group.lab",
            "azurerm_virtual_network.vnet"
          ]
        }
      ]
    },
    {
      "mode": "managed",
      "type": "azurerm_subnet_network_security_group_association",
      "name": "web_nsg_assoc",
      "provider": "provider[\"registry.terraform.io/hashicorp/azurerm\"]",
      "instances": [
        {
          "schema_version": 0,
          "attributes": {
            "id": "/subscriptions/9dbcb218-e803-4fa3-b478-5bbd73b6eba9/resourceGroups/rg-terraform-lab-qa/providers/Microsoft.Network/virtualNetworks/vnet-terraform-lab-qa/subnets/subnet-web-qa",
            "network_security_group_id": "/subscriptions/9dbcb218-e803-4fa3-b478-5bbd73b6eba9/resourceGroups/rg-terraform-lab-qa/providers/Microsoft.Network/networkSecurityGroups/nsg-web-qa",
            "subnet_id": "/subscriptions/9dbcb218-e803-4fa3-b478-5bbd73b6eba9/resourceGroups/rg-terraform-lab-qa/providers/Microsoft.Network/virtualNetworks/vnet-terraform-lab-qa/subnets/subnet-web-qa",
            "timeouts": null
          },
          "sensitive_attributes": [],
          "identity_schema_version": 0,
          "private": "eyJlMmJmYjczMC1lY2FhLTExZTYtOGY4OC0zNDM2M2JjN2M0YzAiOnsiY3JlYXRlIjoxODAwMDAwMDAwMDAwLCJkZWxldGUiOjE4MDAwMDAwMDAwMDAsInJlYWQiOjMwMDAwMDAwMDAwMH19",
          "dependencies": [
            "azurerm_network_security_group.web_nsg",
            "azurerm_resource_group.lab",
            "azurerm_subnet.subnet",
            "azurerm_virtual_network.vnet"
          ]
        }
      ]
    },
    {
      "mode": "managed",
      "type": "azurerm_virtual_network",
      "name": "vnet",
      "provider": "provider[\"registry.terraform.io/hashicorp/azurerm\"]",
      "instances": [
        {
          "schema_version": 0,
          "attributes": {
            "address_space": [
              "10.0.0.0/16"
            ],
            "bgp_community": "",
            "ddos_protection_plan": [],
            "dns_servers": [],
            "edge_zone": "",
            "encryption": [],
            "flow_timeout_in_minutes": 0,
            "guid": "dbaec03a-db66-41a3-ba4a-b9c8a68cb9ec",
            "id": "/subscriptions/9dbcb218-e803-4fa3-b478-5bbd73b6eba9/resourceGroups/rg-terraform-lab-qa/providers/Microsoft.Network/virtualNetworks/vnet-terraform-lab-qa",
            "ip_address_pool": [],
            "location": "eastus",
            "name": "vnet-terraform-lab-qa",
            "private_endpoint_vnet_policies": "Disabled",
            "resource_group_name": "rg-terraform-lab-qa",
            "subnet": [],
            "tags": null,
            "timeouts": null
          },
          "sensitive_attributes": [],
          "identity_schema_version": 0,
          "identity": {
            "name": "vnet-terraform-lab-qa",
            "resource_group_name": "rg-terraform-lab-qa",
            "subscription_id": "9dbcb218-e803-4fa3-b478-5bbd73b6eba9"
          },
          "private": "eyJlMmJmYjczMC1lY2FhLTExZTYtOGY4OC0zNDM2M2JjN2M0YzAiOnsiY3JlYXRlIjoxODAwMDAwMDAwMDAwLCJkZWxldGUiOjE4MDAwMDAwMDAwMDAsInJlYWQiOjMwMDAwMDAwMDAwMCwidXBkYXRlIjoxODAwMDAwMDAwMDAwfX0=",
          "dependencies": [
            "azurerm_resource_group.lab"
          ]
        }
      ]
    }
  ],
  "check_results": null
}
